
Microsoft Visual Studio Solution File, Format Version 12.00
# Visual Studio Version 17
VisualStudioVersion = 17.6.33829.357
MinimumVisualStudioVersion = 10.0.40219.1
Project("{FAE04EC0-301F-11D3-BF4B-00C04F79EFBC}") = "OutlastWemConverter", "OutlastWemConverter.csproj", "{90B9D4A5-B0D3-4056-92B8-2723CEFE1BF2}"
EndProject
Global
	GlobalSection(SolutionConfigurationPlatforms) = preSolution
		Debug|Any CPU = Debug|Any CPU
		Release|Any CPU = Release|Any CPU
	EndGlobalSection
	GlobalSection(ProjectConfigurationPlatforms) = postSolution
		{90B9D4A5-B0D3-4056-92B8-2723CEFE1BF2}.Debug|Any CPU.ActiveCfg = Debug|Any CPU
		{90B9D4A5-B0D3-4056-92B8-2723CEFE1BF2}.Debug|Any CPU.Build.0 = Debug|Any CPU
		{90B9D4A5-B0D3-4056-92B8-2723CEFE1BF2}.Release|Any CPU.ActiveCfg = Release|Any CPU
		{90B9D4A5-B0D3-4056-92B8-2723CEFE1BF2}.Release|Any CPU.Build.0 = Release|Any CPU
	EndGlobalSection
	GlobalSection(SolutionProperties) = preSolution
		HideSolutionNode = FALSE
	EndGlobalSection
	GlobalSection(ExtensibilityGlobals) = postSolution
		SolutionGuid = {DFC695CC-B0EF-43D8-BC63-089876AEDAC3}
	EndGlobalSection
EndGlobal
